// !$*UTF8*$!
{
	archiveVersion = 1;
	classes = {
	};
	objectVersion = 46;
	objects = {

/* Begin PBXBuildFile section */
		8840DD721F72420900F7B500 /* Car.m in Sources */ = {isa = PBXBuildFile; fileRef = 8840DD711F72420900F7B500 /* Car.m */; };
		8840DD751F72423100F7B500 /* Engine.m in Sources */ = {isa = PBXBuildFile; fileRef = 8840DD741F72423100F7B500 /* Engine.m */; };
		8840DD781F72424000F7B500 /* Wheel.m in Sources */ = {isa = PBXBuildFile; fileRef = 8840DD771F72424000F7B500 /* Wheel.m */; };
		8840DD7C1F72463600F7B500 /* ComponentUpgrade.m in Sources */ = {isa = PBXBuildFile; fileRef = 8840DD7B1F72463600F7B500 /* ComponentUpgrade.m */; };
		88E9BBAE1F6FD0EB0043541A /* CommandController.m in Sources */ = {isa = PBXBuildFile; fileRef = 88E9BBAD1F6FD0EB0043541A /* CommandController.m */; };
		88E9BBBA1F6FD32A0043541A /* BaseTV.m in Sources */ = {isa = PBXBuildFile; fileRef = 88E9BBB91F6FD32A0043541A /* BaseTV.m */; };
		88E9BBBD1F6FD3760043541A /* AppleTV.m in Sources */ = {isa = PBXBuildFile; fileRef = 88E9BBBC1F6FD3760043541A /* AppleTV.m */; };
		88E9BBC01F6FD3860043541A /* SonyTV.m in Sources */ = {isa = PBXBuildFile; fileRef = 88E9BBBF1F6FD3860043541A /* SonyTV.m */; };
		88E9BBC51F6FDEDB0043541A /* VCRouter.m in Sources */ = {isa = PBXBuildFile; fileRef = 88E9BBC41F6FDEDB0043541A /* VCRouter.m */; };
		88F602C71F6A828A000F9FF4 /* main.m in Sources */ = {isa = PBXBuildFile; fileRef = 88F602C61F6A828A000F9FF4 /* main.m */; };
		88F602CA1F6A828A000F9FF4 /* AppDelegate.m in Sources */ = {isa = PBXBuildFile; fileRef = 88F602C91F6A828A000F9FF4 /* AppDelegate.m */; };
		88F602CD1F6A828A000F9FF4 /* ViewController.m in Sources */ = {isa = PBXBuildFile; fileRef = 88F602CC1F6A828A000F9FF4 /* ViewController.m */; };
		88F602D01F6A828A000F9FF4 /* Main.storyboard in Resources */ = {isa = PBXBuildFile; fileRef = 88F602CE1F6A828A000F9FF4 /* Main.storyboard */; };
		88F602D21F6A828A000F9FF4 /* Assets.xcassets in Resources */ = {isa = PBXBuildFile; fileRef = 88F602D11F6A828A000F9FF4 /* Assets.xcassets */; };
		88F602D51F6A828A000F9FF4 /* LaunchScreen.storyboard in Resources */ = {isa = PBXBuildFile; fileRef = 88F602D31F6A828A000F9FF4 /* LaunchScreen.storyboard */; };
		88F602DF1F6A82C9000F9FF4 /* SingleObject.m in Sources */ = {isa = PBXBuildFile; fileRef = 88F602DE1F6A82C9000F9FF4 /* SingleObject.m */; };
		88F7FCD21F6AD3F20008AB04 /* Character.m in Sources */ = {isa = PBXBuildFile; fileRef = 88F7FCD11F6AD3F20008AB04 /* Character.m */; };
		88F7FCD51F6AD4450008AB04 /* CharacterBuilder.m in Sources */ = {isa = PBXBuildFile; fileRef = 88F7FCD41F6AD4450008AB04 /* CharacterBuilder.m */; };
		88F7FCD81F6AD6450008AB04 /* StandardCharacterBuilder.m in Sources */ = {isa = PBXBuildFile; fileRef = 88F7FCD71F6AD6450008AB04 /* StandardCharacterBuilder.m */; };
		88F7FCDB1F6AD6680008AB04 /* SuperCharacterBuilder.m in Sources */ = {isa = PBXBuildFile; fileRef = 88F7FCDA1F6AD6680008AB04 /* SuperCharacterBuilder.m */; };
		88F7FCDE1F6AD7E20008AB04 /* CharacterFactory.m in Sources */ = {isa = PBXBuildFile; fileRef = 88F7FCDD1F6AD7E20008AB04 /* CharacterFactory.m */; };
/* End PBXBuildFile section */

/* Begin PBXFileReference section */
		8840DD701F72420900F7B500 /* Car.h */ = {isa = PBXFileReference; lastKnownFileType = sourcecode.c.h; path = Car.h; sourceTree = "<group>"; };
		8840DD711F72420900F7B500 /* Car.m */ = {isa = PBXFileReference; lastKnownFileType = sourcecode.c.objc; path = Car.m; sourceTree = "<group>"; };
		8840DD731F72423100F7B500 /* Engine.h */ = {isa = PBXFileReference; lastKnownFileType = sourcecode.c.h; path = Engine.h; sourceTree = "<group>"; };
		8840DD741F72423100F7B500 /* Engine.m */ = {isa = PBXFileReference; lastKnownFileType = sourcecode.c.objc; path = Engine.m; sourceTree = "<group>"; };
		8840DD761F72424000F7B500 /* Wheel.h */ = {isa = PBXFileReference; lastKnownFileType = sourcecode.c.h; path = Wheel.h; sourceTree = "<group>"; };
		8840DD771F72424000F7B500 /* Wheel.m */ = {isa = PBXFileReference; lastKnownFileType = sourcecode.c.objc; path = Wheel.m; sourceTree = "<group>"; };
		8840DD791F72428000F7B500 /* ComponentVisitor.h */ = {isa = PBXFileReference; lastKnownFileType = sourcecode.c.h; path = ComponentVisitor.h; sourceTree = "<group>"; };
		8840DD7A1F72463600F7B500 /* ComponentUpgrade.h */ = {isa = PBXFileReference; lastKnownFileType = sourcecode.c.h; path = ComponentUpgrade.h; sourceTree = "<group>"; };
		8840DD7B1F72463600F7B500 /* ComponentUpgrade.m */ = {isa = PBXFileReference; lastKnownFileType = sourcecode.c.objc; path = ComponentUpgrade.m; sourceTree = "<group>"; };
		88E9BBAC1F6FD0EB0043541A /* CommandController.h */ = {isa = PBXFileReference; fileEncoding = 4; lastKnownFileType = sourcecode.c.h; path = CommandController.h; sourceTree = "<group>"; };
		88E9BBAD1F6FD0EB0043541A /* CommandController.m */ = {isa = PBXFileReference; fileEncoding = 4; lastKnownFileType = sourcecode.c.objc; path = CommandController.m; sourceTree = "<group>"; };
		88E9BBB81F6FD32A0043541A /* BaseTV.h */ = {isa = PBXFileReference; fileEncoding = 4; lastKnownFileType = sourcecode.c.h; path = BaseTV.h; sourceTree = "<group>"; };
		88E9BBB91F6FD32A0043541A /* BaseTV.m */ = {isa = PBXFileReference; fileEncoding = 4; lastKnownFileType = sourcecode.c.objc; path = BaseTV.m; sourceTree = "<group>"; };
		88E9BBBB1F6FD3760043541A /* AppleTV.h */ = {isa = PBXFileReference; fileEncoding = 4; lastKnownFileType = sourcecode.c.h; path = AppleTV.h; sourceTree = "<group>"; };
		88E9BBBC1F6FD3760043541A /* AppleTV.m */ = {isa = PBXFileReference; fileEncoding = 4; lastKnownFileType = sourcecode.c.objc; path = AppleTV.m; sourceTree = "<group>"; };
		88E9BBBE1F6FD3860043541A /* SonyTV.h */ = {isa = PBXFileReference; fileEncoding = 4; lastKnownFileType = sourcecode.c.h; path = SonyTV.h; sourceTree = "<group>"; };
		88E9BBBF1F6FD3860043541A /* SonyTV.m */ = {isa = PBXFileReference; fileEncoding = 4; lastKnownFileType = sourcecode.c.objc; path = SonyTV.m; sourceTree = "<group>"; };
		88E9BBC31F6FDEDB0043541A /* VCRouter.h */ = {isa = PBXFileReference; fileEncoding = 4; lastKnownFileType = sourcecode.c.h; path = VCRouter.h; sourceTree = "<group>"; };
		88E9BBC41F6FDEDB0043541A /* VCRouter.m */ = {isa = PBXFileReference; fileEncoding = 4; lastKnownFileType = sourcecode.c.objc; path = VCRouter.m; sourceTree = "<group>"; };
		88F602C21F6A828A000F9FF4 /* DesignPattern.app */ = {isa = PBXFileReference; explicitFileType = wrapper.application; includeInIndex = 0; path = DesignPattern.app; sourceTree = BUILT_PRODUCTS_DIR; };
		88F602C61F6A828A000F9FF4 /* main.m */ = {isa = PBXFileReference; lastKnownFileType = sourcecode.c.objc; path = main.m; sourceTree = "<group>"; };
		88F602C81F6A828A000F9FF4 /* AppDelegate.h */ = {isa = PBXFileReference; lastKnownFileType = sourcecode.c.h; path = AppDelegate.h; sourceTree = "<group>"; };
		88F602C91F6A828A000F9FF4 /* AppDelegate.m */ = {isa = PBXFileReference; lastKnownFileType = sourcecode.c.objc; path = AppDelegate.m; sourceTree = "<group>"; };
		88F602CB1F6A828A000F9FF4 /* ViewController.h */ = {isa = PBXFileReference; lastKnownFileType = sourcecode.c.h; path = ViewController.h; sourceTree = "<group>"; };
		88F602CC1F6A828A000F9FF4 /* ViewController.m */ = {isa = PBXFileReference; lastKnownFileType = sourcecode.c.objc; path = ViewController.m; sourceTree = "<group>"; };
		88F602CF1F6A828A000F9FF4 /* Base */ = {isa = PBXFileReference; lastKnownFileType = file.storyboard; name = Base; path = Base.lproj/Main.storyboard; sourceTree = "<group>"; };
		88F602D11F6A828A000F9FF4 /* Assets.xcassets */ = {isa = PBXFileReference; lastKnownFileType = folder.assetcatalog; path = Assets.xcassets; sourceTree = "<group>"; };
		88F602D41F6A828A000F9FF4 /* Base */ = {isa = PBXFileReference; lastKnownFileType = file.storyboard; name = Base; path = Base.lproj/LaunchScreen.storyboard; sourceTree = "<group>"; };
		88F602D61F6A828A000F9FF4 /* Info.plist */ = {isa = PBXFileReference; lastKnownFileType = text.plist.xml; path = Info.plist; sourceTree = "<group>"; };
		88F602DD1F6A82C9000F9FF4 /* SingleObject.h */ = {isa = PBXFileReference; fileEncoding = 4; lastKnownFileType = sourcecode.c.h; path = SingleObject.h; sourceTree = "<group>"; };
		88F602DE1F6A82C9000F9FF4 /* SingleObject.m */ = {isa = PBXFileReference; fileEncoding = 4; lastKnownFileType = sourcecode.c.objc; path = SingleObject.m; sourceTree = "<group>"; };
		88F7FCD01F6AD3F20008AB04 /* Character.h */ = {isa = PBXFileReference; fileEncoding = 4; lastKnownFileType = sourcecode.c.h; path = Character.h; sourceTree = "<group>"; };
		88F7FCD11F6AD3F20008AB04 /* Character.m */ = {isa = PBXFileReference; fileEncoding = 4; lastKnownFileType = sourcecode.c.objc; path = Character.m; sourceTree = "<group>"; };
		88F7FCD31F6AD4450008AB04 /* CharacterBuilder.h */ = {isa = PBXFileReference; fileEncoding = 4; lastKnownFileType = sourcecode.c.h; path = CharacterBuilder.h; sourceTree = "<group>"; };
		88F7FCD41F6AD4450008AB04 /* CharacterBuilder.m */ = {isa = PBXFileReference; fileEncoding = 4; lastKnownFileType = sourcecode.c.objc; path = CharacterBuilder.m; sourceTree = "<group>"; };
		88F7FCD61F6AD6450008AB04 /* StandardCharacterBuilder.h */ = {isa = PBXFileReference; fileEncoding = 4; lastKnownFileType = sourcecode.c.h; path = StandardCharacterBuilder.h; sourceTree = "<group>"; };
		88F7FCD71F6AD6450008AB04 /* StandardCharacterBuilder.m */ = {isa = PBXFileReference; fileEncoding = 4; lastKnownFileType = sourcecode.c.objc; path = StandardCharacterBuilder.m; sourceTree = "<group>"; };
		88F7FCD91F6AD6680008AB04 /* SuperCharacterBuilder.h */ = {isa = PBXFileReference; fileEncoding = 4; lastKnownFileType = sourcecode.c.h; path = SuperCharacterBuilder.h; sourceTree = "<group>"; };
		88F7FCDA1F6AD6680008AB04 /* SuperCharacterBuilder.m */ = {isa = PBXFileReference; fileEncoding = 4; lastKnownFileType = sourcecode.c.objc; path = SuperCharacterBuilder.m; sourceTree = "<group>"; };
		88F7FCDC1F6AD7E20008AB04 /* CharacterFactory.h */ = {isa = PBXFileReference; fileEncoding = 4; lastKnownFileType = sourcecode.c.h; path = CharacterFactory.h; sourceTree = "<group>"; };
		88F7FCDD1F6AD7E20008AB04 /* CharacterFactory.m */ = {isa = PBXFileReference; fileEncoding = 4; lastKnownFileType = sourcecode.c.objc; path = CharacterFactory.m; sourceTree = "<group>"; };
/* End PBXFileReference section */

/* Begin PBXFrameworksBuildPhase section */
		88F602BF1F6A828A000F9FF4 /* Frameworks */ = {
			isa = PBXFrameworksBuildPhase;
			buildActionMask = 2147483647;
			files = (
			);
			runOnlyForDeploymentPostprocessing = 0;
		};
/* End PBXFrameworksBuildPhase section */

/* Begin PBXGroup section */
		8840DD6F1F7241F800F7B500 /* Vistor */ = {
			isa = PBXGroup;
			children = (
				8840DD701F72420900F7B500 /* Car.h */,
				8840DD711F72420900F7B500 /* Car.m */,
				8840DD731F72423100F7B500 /* Engine.h */,
				8840DD741F72423100F7B500 /* Engine.m */,
				8840DD761F72424000F7B500 /* Wheel.h */,
				8840DD771F72424000F7B500 /* Wheel.m */,
				8840DD791F72428000F7B500 /* ComponentVisitor.h */,
				8840DD7A1F72463600F7B500 /* ComponentUpgrade.h */,
				8840DD7B1F72463600F7B500 /* ComponentUpgrade.m */,
			);
			path = Vistor;
			sourceTree = "<group>";
		};
		88E9BBAB1F6FD0C30043541A /* Bridge */ = {
			isa = PBXGroup;
			children = (
				88E9BBAC1F6FD0EB0043541A /* CommandController.h */,
				88E9BBAD1F6FD0EB0043541A /* CommandController.m */,
				88E9BBB81F6FD32A0043541A /* BaseTV.h */,
				88E9BBB91F6FD32A0043541A /* BaseTV.m */,
				88E9BBBB1F6FD3760043541A /* AppleTV.h */,
				88E9BBBC1F6FD3760043541A /* AppleTV.m */,
				88E9BBBE1F6FD3860043541A /* SonyTV.h */,
				88E9BBBF1F6FD3860043541A /* SonyTV.m */,
			);
			path = Bridge;
			sourceTree = "<group>";
		};
		88E9BBC11F6FDE300043541A /* Mediator */ = {
			isa = PBXGroup;
			children = (
				88E9BBC31F6FDEDB0043541A /* VCRouter.h */,
				88E9BBC41F6FDEDB0043541A /* VCRouter.m */,
			);
			path = Mediator;
			sourceTree = "<group>";
		};
		88F602B91F6A828A000F9FF4 = {
			isa = PBXGroup;
			children = (
				88F602C41F6A828A000F9FF4 /* DesignPattern */,
				88F602C31F6A828A000F9FF4 /* Products */,
			);
			sourceTree = "<group>";
		};
		88F602C31F6A828A000F9FF4 /* Products */ = {
			isa = PBXGroup;
			children = (
				88F602C21F6A828A000F9FF4 /* DesignPattern.app */,
			);
			name = Products;
			sourceTree = "<group>";
		};
		88F602C41F6A828A000F9FF4 /* DesignPattern */ = {
			isa = PBXGroup;
			children = (
				8840DD6F1F7241F800F7B500 /* Vistor */,
				88E9BBC11F6FDE300043541A /* Mediator */,
				88E9BBAB1F6FD0C30043541A /* Bridge */,
				88F7FCCF1F6AD3C70008AB04 /* Builder */,
				88F602DC1F6A82A4000F9FF4 /* Singleton */,
				88F602C81F6A828A000F9FF4 /* AppDelegate.h */,
				88F602C91F6A828A000F9FF4 /* AppDelegate.m */,
				88F602CB1F6A828A000F9FF4 /* ViewController.h */,
				88F602CC1F6A828A000F9FF4 /* ViewController.m */,
				88F602CE1F6A828A000F9FF4 /* Main.storyboard */,
				88F602D11F6A828A000F9FF4 /* Assets.xcassets */,
				88F602D31F6A828A000F9FF4 /* LaunchScreen.storyboard */,
				88F602D61F6A828A000F9FF4 /* Info.plist */,
				88F602C51F6A828A000F9FF4 /* Supporting Files */,
			);
			path = DesignPattern;
			sourceTree = "<group>";
		};
		88F602C51F6A828A000F9FF4 /* Supporting Files */ = {
			isa = PBXGroup;
			children = (
				88F602C61F6A828A000F9FF4 /* main.m */,
			);
			name = "Supporting Files";
			sourceTree = "<group>";
		};
		88F602DC1F6A82A4000F9FF4 /* Singleton */ = {
			isa = PBXGroup;
			children = (
				88F602DD1F6A82C9000F9FF4 /* SingleObject.h */,
				88F602DE1F6A82C9000F9FF4 /* SingleObject.m */,
			);
			name = Singleton;
			sourceTree = "<group>";
		};
		88F7FCCF1F6AD3C70008AB04 /* Builder */ = {
			isa = PBXGroup;
			children = (
				88F7FCD01F6AD3F20008AB04 /* Character.h */,
				88F7FCD11F6AD3F20008AB04 /* Character.m */,
				88F7FCD31F6AD4450008AB04 /* CharacterBuilder.h */,
				88F7FCD41F6AD4450008AB04 /* CharacterBuilder.m */,
				88F7FCD61F6AD6450008AB04 /* StandardCharacterBuilder.h */,
				88F7FCD71F6AD6450008AB04 /* StandardCharacterBuilder.m */,
				88F7FCD91F6AD6680008AB04 /* SuperCharacterBuilder.h */,
				88F7FCDA1F6AD6680008AB04 /* SuperCharacterBuilder.m */,
				88F7FCDC1F6AD7E20008AB04 /* CharacterFactory.h */,
				88F7FCDD1F6AD7E20008AB04 /* CharacterFactory.m */,
			);
			name = Builder;
			sourceTree = "<group>";
		};
/* End PBXGroup section */

/* Begin PBXNativeTarget section */
		88F602C11F6A828A000F9FF4 /* DesignPattern */ = {
			isa = PBXNativeTarget;
			buildConfigurationList = 88F602D91F6A828A000F9FF4 /* Build configuration list for PBXNativeTarget "DesignPattern" */;
			buildPhases = (
				88F602BE1F6A828A000F9FF4 /* Sources */,
				88F602BF1F6A828A000F9FF4 /* Frameworks */,
				88F602C01F6A828A000F9FF4 /* Resources */,
			);
			buildRules = (
			);
			dependencies = (
			);
			name = DesignPattern;
			productName = DesignPattern;
			productReference = 88F602C21F6A828A000F9FF4 /* DesignPattern.app */;
			productType = "com.apple.product-type.application";
		};
/* End PBXNativeTarget section */

/* Begin PBXProject section */
		88F602BA1F6A828A000F9FF4 /* Project object */ = {
			isa = PBXProject;
			attributes = {
				LastUpgradeCheck = 0830;
				ORGANIZATIONNAME = iMac;
				TargetAttributes = {
					88F602C11F6A828A000F9FF4 = {
						CreatedOnToolsVersion = 8.3.3;
						ProvisioningStyle = Automatic;
					};
				};
			};
			buildConfigurationList = 88F602BD1F6A828A000F9FF4 /* Build configuration list for PBXProject "DesignPattern" */;
			compatibilityVersion = "Xcode 3.2";
			developmentRegion = English;
			hasScannedForEncodings = 0;
			knownRegions = (
				en,
				Base,
			);
			mainGroup = 88F602B91F6A828A000F9FF4;
			productRefGroup = 88F602C31F6A828A000F9FF4 /* Products */;
			projectDirPath = "";
			projectRoot = "";
			targets = (
				88F602C11F6A828A000F9FF4 /* DesignPattern */,
			);
		};
/* End PBXProject section */

/* Begin PBXResourcesBuildPhase section */
		88F602C01F6A828A000F9FF4 /* Resources */ = {
			isa = PBXResourcesBuildPhase;
			buildActionMask = 2147483647;
			files = (
				88F602D51F6A828A000F9FF4 /* LaunchScreen.storyboard in Resources */,
				88F602D21F6A828A000F9FF4 /* Assets.xcassets in Resources */,
				88F602D01F6A828A000F9FF4 /* Main.storyboard in Resources */,
			);
			runOnlyForDeploymentPostprocessing = 0;
		};
/* End PBXResourcesBuildPhase section */

/* Begin PBXSourcesBuildPhase section */
		88F602BE1F6A828A000F9FF4 /* Sources */ = {
			isa = PBXSourcesBuildPhase;
			buildActionMask = 2147483647;
			files = (
				8840DD721F72420900F7B500 /* Car.m in Sources */,
				88E9BBBD1F6FD3760043541A /* AppleTV.m in Sources */,
				88F602CD1F6A828A000F9FF4 /* ViewController.m in Sources */,
				88F7FCD51F6AD4450008AB04 /* CharacterBuilder.m in Sources */,
				88F7FCD21F6AD3F20008AB04 /* Character.m in Sources */,
				8840DD781F72424000F7B500 /* Wheel.m in Sources */,
				88F602CA1F6A828A000F9FF4 /* AppDelegate.m in Sources */,
				88F602DF1F6A82C9000F9FF4 /* SingleObject.m in Sources */,
				8840DD7C1F72463600F7B500 /* ComponentUpgrade.m in Sources */,
				88F7FCDB1F6AD6680008AB04 /* SuperCharacterBuilder.m in Sources */,
				88F7FCDE1F6AD7E20008AB04 /* CharacterFactory.m in Sources */,
				8840DD751F72423100F7B500 /* Engine.m in Sources */,
				88F602C71F6A828A000F9FF4 /* main.m in Sources */,
				88E9BBC51F6FDEDB0043541A /* VCRouter.m in Sources */,
				88E9BBC01F6FD3860043541A /* SonyTV.m in Sources */,
				88F7FCD81F6AD6450008AB04 /* StandardCharacterBuilder.m in Sources */,
				88E9BBAE1F6FD0EB0043541A /* CommandController.m in Sources */,
				88E9BBBA1F6FD32A0043541A /* BaseTV.m in Sources */,
			);
			runOnlyForDeploymentPostprocessing = 0;
		};
/* End PBXSourcesBuildPhase section */

/* Begin PBXVariantGroup section */
		88F602CE1F6A828A000F9FF4 /* Main.storyboard */ = {
			isa = PBXVariantGroup;
			children = (
				88F602CF1F6A828A000F9FF4 /* Base */,
			);
			name = Main.storyboard;
			sourceTree = "<group>";
		};
		88F602D31F6A828A000F9FF4 /* LaunchScreen.storyboard */ = {
			isa = PBXVariantGroup;
			children = (
				88F602D41F6A828A000F9FF4 /* Base */,
			);
			name = LaunchScreen.storyboard;
			sourceTree = "<group>";
		};
/* End PBXVariantGroup section */

/* Begin XCBuildConfiguration section */
		88F602D71F6A828A000F9FF4 /* Debug */ = {
			isa = XCBuildConfiguration;
			buildSettings = {
				ALWAYS_SEARCH_USER_PATHS = NO;
				CLANG_ANALYZER_NONNULL = YES;
				CLANG_ANALYZER_NUMBER_OBJECT_CONVERSION = YES_AGGRESSIVE;
				CLANG_CXX_LANGUAGE_STANDARD = "gnu++0x";
				CLANG_CXX_LIBRARY = "libc++";
				CLANG_ENABLE_MODULES = YES;
				CLANG_ENABLE_OBJC_ARC = YES;
				CLANG_WARN_BOOL_CONVERSION = YES;
				CLANG_WARN_CONSTANT_CONVERSION = YES;
				CLANG_WARN_DIRECT_OBJC_ISA_USAGE = YES_ERROR;
				CLANG_WARN_DOCUMENTATION_COMMENTS = YES;
				CLANG_WARN_EMPTY_BODY = YES;
				CLANG_WARN_ENUM_CONVERSION = YES;
				CLANG_WARN_INFINITE_RECURSION = YES;
				CLANG_WARN_INT_CONVERSION = YES;
				CLANG_WARN_OBJC_ROOT_CLASS = YES_ERROR;
				CLANG_WARN_SUSPICIOUS_MOVE = YES;
				CLANG_WARN_UNREACHABLE_CODE = YES;
				CLANG_WARN__DUPLICATE_METHOD_MATCH = YES;
				"CODE_SIGN_IDENTITY[sdk=iphoneos*]" = "iPhone Developer";
				COPY_PHASE_STRIP = NO;
				DEBUG_INFORMATION_FORMAT = dwarf;
				ENABLE_STRICT_OBJC_MSGSEND = YES;
				ENABLE_TESTABILITY = YES;
				GCC_C_LANGUAGE_STANDARD = gnu99;
				GCC_DYNAMIC_NO_PIC = NO;
				GCC_NO_COMMON_BLOCKS = YES;
				GCC_OPTIMIZATION_LEVEL = 0;
				GCC_PREPROCESSOR_DEFINITIONS = (
					"DEBUG=1",
					"$(inherited)",
				);
				GCC_WARN_64_TO_32_BIT_CONVERSION = YES;
				GCC_WARN_ABOUT_RETURN_TYPE = YES_ERROR;
				GCC_WARN_UNDECLARED_SELECTOR = YES;
				GCC_WARN_UNINITIALIZED_AUTOS = YES_AGGRESSIVE;
				GCC_WARN_UNUSED_FUNCTION = YES;
				GCC_WARN_UNUSED_VARIABLE = YES;
				IPHONEOS_DEPLOYMENT_TARGET = 10.3;
				MTL_ENABLE_DEBUG_INFO = YES;
				ONLY_ACTIVE_ARCH = YES;
				SDKROOT = iphoneos;
				TARGETED_DEVICE_FAMILY = "1,2";
			};
			name = Debug;
		};
		88F602D81F6A828A000F9FF4 /* Release */ = {
			isa = XCBuildConfiguration;
			buildSettings = {
				ALWAYS_SEARCH_USER_PATHS = NO;
				CLANG_ANALYZER_NONNULL = YES;
				CLANG_ANALYZER_NUMBER_OBJECT_CONVERSION = YES_AGGRESSIVE;
				CLANG_CXX_LANGUAGE_STANDARD = "gnu++0x";
				CLANG_CXX_LIBRARY = "libc++";
				CLANG_ENABLE_MODULES = YES;
				CLANG_ENABLE_OBJC_ARC = YES;
				CLANG_WARN_BOOL_CONVERSION = YES;
				CLANG_WARN_CONSTANT_CONVERSION = YES;
				CLANG_WARN_DIRECT_OBJC_ISA_USAGE = YES_ERROR;
				CLANG_WARN_DOCUMENTATION_COMMENTS = YES;
				CLANG_WARN_EMPTY_BODY = YES;
				CLANG_WARN_ENUM_CONVERSION = YES;
				CLANG_WARN_INFINITE_RECURSION = YES;
				CLANG_WARN_INT_CONVERSION = YES;
				CLANG_WARN_OBJC_ROOT_CLASS = YES_ERROR;
				CLANG_WARN_SUSPICIOUS_MOVE = YES;
				CLANG_WARN_UNREACHABLE_CODE = YES;
				CLANG_WARN__DUPLICATE_METHOD_MATCH = YES;
				"CODE_SIGN_IDENTITY[sdk=iphoneos*]" = "iPhone Developer";
				COPY_PHASE_STRIP = NO;
				DEBUG_INFORMATION_FORMAT = "dwarf-with-dsym";
				ENABLE_NS_ASSERTIONS = NO;
				ENABLE_STRICT_OBJC_MSGSEND = YES;
				GCC_C_LANGUAGE_STANDARD = gnu99;
				GCC_NO_COMMON_BLOCKS = YES;
				GCC_WARN_64_TO_32_BIT_CONVERSION = YES;
				GCC_WARN_ABOUT_RETURN_TYPE = YES_ERROR;
				GCC_WARN_UNDECLARED_SELECTOR = YES;
				GCC_WARN_UNINITIALIZED_AUTOS = YES_AGGRESSIVE;
				GCC_WARN_UNUSED_FUNCTION = YES;
				GCC_WARN_UNUSED_VARIABLE = YES;
				IPHONEOS_DEPLOYMENT_TARGET = 10.3;
				MTL_ENABLE_DEBUG_INFO = NO;
				SDKROOT = iphoneos;
				TARGETED_DEVICE_FAMILY = "1,2";
				VALIDATE_PRODUCT = YES;
			};
			name = Release;
		};
		88F602DA1F6A828A000F9FF4 /* Debug */ = {
			isa = XCBuildConfiguration;
			buildSettings = {
				ASSETCATALOG_COMPILER_APPICON_NAME = AppIcon;
				INFOPLIST_FILE = DesignPattern/Info.plist;
				LD_RUNPATH_SEARCH_PATHS = "$(inherited) @executable_path/Frameworks";
				PRODUCT_BUNDLE_IDENTIFIER = helloted.DesignPattern;
				PRODUCT_NAME = "$(TARGET_NAME)";
			};
			name = Debug;
		};
		88F602DB1F6A828A000F9FF4 /* Release */ = {
			isa = XCBuildConfiguration;
			buildSettings = {
				ASSETCATALOG_COMPILER_APPICON_NAME = AppIcon;
				INFOPLIST_FILE = DesignPattern/Info.plist;
				LD_RUNPATH_SEARCH_PATHS = "$(inherited) @executable_path/Frameworks";
				PRODUCT_BUNDLE_IDENTIFIER = helloted.DesignPattern;
				PRODUCT_NAME = "$(TARGET_NAME)";
			};
			name = Release;
		};
/* End XCBuildConfiguration section */

/* Begin XCConfigurationList section */
		88F602BD1F6A828A000F9FF4 /* Build configuration list for PBXProject "DesignPattern" */ = {
			isa = XCConfigurationList;
			buildConfigurations = (
				88F602D71F6A828A000F9FF4 /* Debug */,
				88F602D81F6A828A000F9FF4 /* Release */,
			);
			defaultConfigurationIsVisible = 0;
			defaultConfigurationName = Release;
		};
		88F602D91F6A828A000F9FF4 /* Build configuration list for PBXNativeTarget "DesignPattern" */ = {
			isa = XCConfigurationList;
			buildConfigurations = (
				88F602DA1F6A828A000F9FF4 /* Debug */,
				88F602DB1F6A828A000F9FF4 /* Release */,
			);
			defaultConfigurationIsVisible = 0;
			defaultConfigurationName = Release;
		};
/* End XCConfigurationList section */
	};
	rootObject = 88F602BA1F6A828A000F9FF4 /* Project object */;
}
